
Microsoft Visual Studio Solution File, Format Version 12.00
# Visual Studio Version 16
VisualStudioVersion = 16.0.30114.105
MinimumVisualStudioVersion = 10.0.40219.1
Project("{FAE04EC0-301F-11D3-BF4B-00C04F79EFBC}") = "GrokkingAlgorithms", "GrokkingAlgorithms.csproj", "{29FEF7CC-8D97-4B0C-8C0E-51D7526198AD}"
EndProject
Global
	GlobalSection(SolutionConfigurationPlatforms) = preSolution
		Debug|Any CPU = Debug|Any CPU
		Release|Any CPU = Release|Any CPU
	EndGlobalSection
	GlobalSection(ProjectConfigurationPlatforms) = postSolution
		{29FEF7CC-8D97-4B0C-8C0E-51D7526198AD}.Debug|Any CPU.ActiveCfg = Debug|Any CPU
		{29FEF7CC-8D97-4B0C-8C0E-51D7526198AD}.Debug|Any CPU.Build.0 = Debug|Any CPU
		{29FEF7CC-8D97-4B0C-8C0E-51D7526198AD}.Release|Any CPU.ActiveCfg = Release|Any CPU
		{29FEF7CC-8D97-4B0C-8C0E-51D7526198AD}.Release|Any CPU.Build.0 = Release|Any CPU
	EndGlobalSection
	GlobalSection(SolutionProperties) = preSolution
		HideSolutionNode = FALSE
	EndGlobalSection
	GlobalSection(ExtensibilityGlobals) = postSolution
		SolutionGuid = {669BC467-24B7-4082-ABC1-48EFA7BEDDD4}
	EndGlobalSection
EndGlobal
